
Microsoft Visual Studio Solution File, Format Version 12.00
# Visual Studio Version 16
VisualStudioVersion = 16.0.29709.97
MinimumVisualStudioVersion = 10.0.40219.1
Project("{FAE04EC0-301F-11D3-BF4B-00C04F79EFBC}") = "Mizan.Test.WebApp", "Mizan.Test.WebApp\Mizan.Test.WebApp.csproj", "{C64EE064-A03B-4F15-AF25-66552FF30239}"
EndProject
Global
	GlobalSection(SolutionConfigurationPlatforms) = preSolution
		Debug|Any CPU = Debug|Any CPU
		Release|Any CPU = Release|Any CPU
	EndGlobalSection
	GlobalSection(ProjectConfigurationPlatforms) = postSolution
		{C64EE064-A03B-4F15-AF25-66552FF30239}.Debug|Any CPU.ActiveCfg = Debug|Any CPU
		{C64EE064-A03B-4F15-AF25-66552FF30239}.Debug|Any CPU.Build.0 = Debug|Any CPU
		{C64EE064-A03B-4F15-AF25-66552FF30239}.Release|Any CPU.ActiveCfg = Release|Any CPU
		{C64EE064-A03B-4F15-AF25-66552FF30239}.Release|Any CPU.Build.0 = Release|Any CPU
	EndGlobalSection
	GlobalSection(SolutionProperties) = preSolution
		HideSolutionNode = FALSE
	EndGlobalSection
	GlobalSection(ExtensibilityGlobals) = postSolution
		SolutionGuid = {96432D4C-92E6-4914-9FEB-8731C0869541}
	EndGlobalSection
EndGlobal
